
Microsoft Visual Studio Solution File, Format Version 12.00
# Visual Studio Version 17
VisualStudioVersion = 17.3.32804.467
MinimumVisualStudioVersion = 10.0.40219.1
Project("{9A19103F-16F7-4668-BE54-9A1E7A4F7556}") = "WebAppDETAug2022", "WebAppDETAug2022\WebAppDETAug2022.csproj", "{F6D854A8-88E8-4570-8A7B-B6F13CF507D9}"
EndProject
Project("{9A19103F-16F7-4668-BE54-9A1E7A4F7556}") = "MVCDemo", "MVCDemo\MVCDemo.csproj", "{5DE839DC-C4B4-445E-908B-B82E3DB50BC6}"
EndProject
Project("{9A19103F-16F7-4668-BE54-9A1E7A4F7556}") = "ContosoUniversity", "ContosoUniversity\ContosoUniversity.csproj", "{A1474D38-275B-42AC-9E21-6103645A67C4}"
EndProject
Project("{9A19103F-16F7-4668-BE54-9A1E7A4F7556}") = "APIDemo", "APIDemo\APIDemo.csproj", "{2BC85994-C5EC-4D2A-9044-9277F30E487B}"
EndProject
Project("{9A19103F-16F7-4668-BE54-9A1E7A4F7556}") = "OdataDemo", "OdataDemo\OdataDemo.csproj", "{A63A8500-B9F2-41F8-8C5A-B844EA827E02}"
EndProject
Project("{9A19103F-16F7-4668-BE54-9A1E7A4F7556}") = "Bank", "Bank\Bank.csproj", "{0815EB04-A69D-4E43-BC7B-935A8490CC16}"
EndProject
Project("{9A19103F-16F7-4668-BE54-9A1E7A4F7556}") = "BankTests", "BankTests\BankTests.csproj", "{9DE3C878-B61A-4DDF-BD91-F836F1982A2D}"
EndProject
Project("{FAE04EC0-301F-11D3-BF4B-00C04F79EFBC}") = "MyFirstUnitTests", "MyFirstUnitTests\MyFirstUnitTests.csproj", "{FEB2D514-DBFF-4288-AEC5-983BFDFCFEE5}"
EndProject
Project("{FAE04EC0-301F-11D3-BF4B-00C04F79EFBC}") = "TestProject_ClassLibPizza", "TestProject_ClassLibPizza\TestProject_ClassLibPizza.csproj", "{1DA4B394-2D52-4C6E-AE81-0E0D0ABCEC41}"
EndProject
Global
	GlobalSection(SolutionConfigurationPlatforms) = preSolution
		Debug|Any CPU = Debug|Any CPU
		Release|Any CPU = Release|Any CPU
	EndGlobalSection
	GlobalSection(ProjectConfigurationPlatforms) = postSolution
		{F6D854A8-88E8-4570-8A7B-B6F13CF507D9}.Debug|Any CPU.ActiveCfg = Debug|Any CPU
		{F6D854A8-88E8-4570-8A7B-B6F13CF507D9}.Debug|Any CPU.Build.0 = Debug|Any CPU
		{F6D854A8-88E8-4570-8A7B-B6F13CF507D9}.Release|Any CPU.ActiveCfg = Release|Any CPU
		{F6D854A8-88E8-4570-8A7B-B6F13CF507D9}.Release|Any CPU.Build.0 = Release|Any CPU
		{5DE839DC-C4B4-445E-908B-B82E3DB50BC6}.Debug|Any CPU.ActiveCfg = Debug|Any CPU
		{5DE839DC-C4B4-445E-908B-B82E3DB50BC6}.Debug|Any CPU.Build.0 = Debug|Any CPU
		{5DE839DC-C4B4-445E-908B-B82E3DB50BC6}.Release|Any CPU.ActiveCfg = Release|Any CPU
		{5DE839DC-C4B4-445E-908B-B82E3DB50BC6}.Release|Any CPU.Build.0 = Release|Any CPU
		{A1474D38-275B-42AC-9E21-6103645A67C4}.Debug|Any CPU.ActiveCfg = Debug|Any CPU
		{A1474D38-275B-42AC-9E21-6103645A67C4}.Debug|Any CPU.Build.0 = Debug|Any CPU
		{A1474D38-275B-42AC-9E21-6103645A67C4}.Release|Any CPU.ActiveCfg = Release|Any CPU
		{A1474D38-275B-42AC-9E21-6103645A67C4}.Release|Any CPU.Build.0 = Release|Any CPU
		{2BC85994-C5EC-4D2A-9044-9277F30E487B}.Debug|Any CPU.ActiveCfg = Debug|Any CPU
		{2BC85994-C5EC-4D2A-9044-9277F30E487B}.Debug|Any CPU.Build.0 = Debug|Any CPU
		{2BC85994-C5EC-4D2A-9044-9277F30E487B}.Release|Any CPU.ActiveCfg = Release|Any CPU
		{2BC85994-C5EC-4D2A-9044-9277F30E487B}.Release|Any CPU.Build.0 = Release|Any CPU
		{A63A8500-B9F2-41F8-8C5A-B844EA827E02}.Debug|Any CPU.ActiveCfg = Debug|Any CPU
		{A63A8500-B9F2-41F8-8C5A-B844EA827E02}.Debug|Any CPU.Build.0 = Debug|Any CPU
		{A63A8500-B9F2-41F8-8C5A-B844EA827E02}.Release|Any CPU.ActiveCfg = Release|Any CPU
		{A63A8500-B9F2-41F8-8C5A-B844EA827E02}.Release|Any CPU.Build.0 = Release|Any CPU
		{0815EB04-A69D-4E43-BC7B-935A8490CC16}.Debug|Any CPU.ActiveCfg = Debug|Any CPU
		{0815EB04-A69D-4E43-BC7B-935A8490CC16}.Debug|Any CPU.Build.0 = Debug|Any CPU
		{0815EB04-A69D-4E43-BC7B-935A8490CC16}.Release|Any CPU.ActiveCfg = Release|Any CPU
		{0815EB04-A69D-4E43-BC7B-935A8490CC16}.Release|Any CPU.Build.0 = Release|Any CPU
		{9DE3C878-B61A-4DDF-BD91-F836F1982A2D}.Debug|Any CPU.ActiveCfg = Debug|Any CPU
		{9DE3C878-B61A-4DDF-BD91-F836F1982A2D}.Debug|Any CPU.Build.0 = Debug|Any CPU
		{9DE3C878-B61A-4DDF-BD91-F836F1982A2D}.Release|Any CPU.ActiveCfg = Release|Any CPU
		{9DE3C878-B61A-4DDF-BD91-F836F1982A2D}.Release|Any CPU.Build.0 = Release|Any CPU
		{FEB2D514-DBFF-4288-AEC5-983BFDFCFEE5}.Debug|Any CPU.ActiveCfg = Debug|Any CPU
		{FEB2D514-DBFF-4288-AEC5-983BFDFCFEE5}.Debug|Any CPU.Build.0 = Debug|Any CPU
		{FEB2D514-DBFF-4288-AEC5-983BFDFCFEE5}.Release|Any CPU.ActiveCfg = Release|Any CPU
		{FEB2D514-DBFF-4288-AEC5-983BFDFCFEE5}.Release|Any CPU.Build.0 = Release|Any CPU
		{1DA4B394-2D52-4C6E-AE81-0E0D0ABCEC41}.Debug|Any CPU.ActiveCfg = Debug|Any CPU
		{1DA4B394-2D52-4C6E-AE81-0E0D0ABCEC41}.Debug|Any CPU.Build.0 = Debug|Any CPU
		{1DA4B394-2D52-4C6E-AE81-0E0D0ABCEC41}.Release|Any CPU.ActiveCfg = Release|Any CPU
		{1DA4B394-2D52-4C6E-AE81-0E0D0ABCEC41}.Release|Any CPU.Build.0 = Release|Any CPU
	EndGlobalSection
	GlobalSection(SolutionProperties) = preSolution
		HideSolutionNode = FALSE
	EndGlobalSection
	GlobalSection(ExtensibilityGlobals) = postSolution
		SolutionGuid = {85491585-D281-425F-AA76-0AA0AAA7B6D3}
	EndGlobalSection
EndGlobal
